{
  "version": 4,
  "terraform_version": "1.1.7",
  "serial": 47,
  "lineage": "8d7e13e5-d9dd-669f-c2cd-b91075ca3966",
  "outputs": {},
  "resources": [
    {
      "mode": "managed",
      "type": "google_compute_address",
      "name": "static_swvl",
      "provider": "provider[\"registry.terraform.io/hashicorp/google\"]",
      "instances": [
        {
          "schema_version": 0,
          "attributes": {
            "address": "34.125.201.15",
            "address_type": "EXTERNAL",
            "creation_timestamp": "2022-04-05T14:36:03.922-07:00",
            "description": "",
            "id": "projects/triple-voyage-278712/regions/us-west4/addresses/static-swvl",
            "name": "static-swvl",
            "network": "",
            "network_tier": "PREMIUM",
            "prefix_length": 0,
            "project": "triple-voyage-278712",
            "purpose": "",
            "region": "us-west4",
            "self_link": "https://www.googleapis.com/compute/v1/projects/triple-voyage-278712/regions/us-west4/addresses/static-swvl",
            "subnetwork": "",
            "timeouts": null,
            "users": [
              "https://www.googleapis.com/compute/v1/projects/triple-voyage-278712/zones/us-west4-a/instances/swvl-bonus"
            ]
          },
          "sensitive_attributes": [],
          "private": "eyJlMmJmYjczMC1lY2FhLTExZTYtOGY4OC0zNDM2M2JjN2M0YzAiOnsiY3JlYXRlIjoxMjAwMDAwMDAwMDAwLCJkZWxldGUiOjEyMDAwMDAwMDAwMDB9fQ=="
        }
      ]
    },
    {
      "mode": "managed",
      "type": "google_compute_attached_disk",
      "name": "default",
      "provider": "provider[\"registry.terraform.io/hashicorp/google\"]",
      "instances": [
        {
          "schema_version": 0,
          "attributes": {
            "device_name": "persistent-disk-1",
            "disk": "projects/triple-voyage-278712/zones/us-west4-a/disks/swvl-disk",
            "id": "projects/triple-voyage-278712/zones/us-west4-a/instances/swvl-bonus/swvl-disk",
            "instance": "projects/triple-voyage-278712/zones/us-west4-a/instances/swvl-bonus",
            "mode": "READ_WRITE",
            "project": "triple-voyage-278712",
            "timeouts": null,
            "zone": "us-west4-a"
          },
          "sensitive_attributes": [],
          "private": "eyJlMmJmYjczMC1lY2FhLTExZTYtOGY4OC0zNDM2M2JjN2M0YzAiOnsiY3JlYXRlIjozMDAwMDAwMDAwMDAsImRlbGV0ZSI6MzAwMDAwMDAwMDAwfX0=",
          "dependencies": [
            "google_compute_address.static_swvl",
            "google_compute_disk.swvl",
            "google_compute_instance.swvl_bonus"
          ]
        }
      ]
    },
    {
      "mode": "managed",
      "type": "google_compute_disk",
      "name": "swvl",
      "provider": "provider[\"registry.terraform.io/hashicorp/google\"]",
      "instances": [
        {
          "schema_version": 0,
          "attributes": {
            "creation_timestamp": "2022-04-05T14:38:09.081-07:00",
            "description": "",
            "disk_encryption_key": [],
            "id": "projects/triple-voyage-278712/zones/us-west4-a/disks/swvl-disk",
            "image": "",
            "label_fingerprint": "42WmSpB8rSM=",
            "labels": {},
            "last_attach_timestamp": "2022-04-05T14:38:22.193-07:00",
            "last_detach_timestamp": "",
            "name": "swvl-disk",
            "physical_block_size_bytes": 4096,
            "project": "triple-voyage-278712",
            "provisioned_iops": 0,
            "self_link": "https://www.googleapis.com/compute/v1/projects/triple-voyage-278712/zones/us-west4-a/disks/swvl-disk",
            "size": 100,
            "snapshot": "",
            "source_image_encryption_key": [],
            "source_image_id": "",
            "source_snapshot_encryption_key": [],
            "source_snapshot_id": "",
            "timeouts": null,
            "type": "pd-ssd",
            "users": [
              "https://www.googleapis.com/compute/v1/projects/triple-voyage-278712/zones/us-west4-a/instances/swvl-bonus"
            ],
            "zone": "us-west4-a"
          },
          "sensitive_attributes": [],
          "private": "eyJlMmJmYjczMC1lY2FhLTExZTYtOGY4OC0zNDM2M2JjN2M0YzAiOnsiY3JlYXRlIjoxMjAwMDAwMDAwMDAwLCJkZWxldGUiOjEyMDAwMDAwMDAwMDAsInVwZGF0ZSI6MTIwMDAwMDAwMDAwMH19"
        }
      ]
    },
    {
      "mode": "managed",
      "type": "google_compute_firewall",
      "name": "swvl_rule",
      "provider": "provider[\"registry.terraform.io/hashicorp/google\"]",
      "instances": [
        {
          "schema_version": 1,
          "attributes": {
            "allow": [
              {
                "ports": [
                  "80",
                  "443",
                  "8080"
                ],
                "protocol": "tcp"
              }
            ],
            "creation_timestamp": "2022-04-05T14:36:03.784-07:00",
            "deny": [],
            "description": "",
            "destination_ranges": [],
            "direction": "INGRESS",
            "disabled": false,
            "enable_logging": null,
            "id": "projects/triple-voyage-278712/global/firewalls/webserver2",
            "log_config": [],
            "name": "webserver2",
            "network": "https://www.googleapis.com/compute/v1/projects/triple-voyage-278712/global/networks/default",
            "priority": 1000,
            "project": "triple-voyage-278712",
            "self_link": "https://www.googleapis.com/compute/v1/projects/triple-voyage-278712/global/firewalls/webserver2",
            "source_ranges": [
              "0.0.0.0/0"
            ],
            "source_service_accounts": [],
            "source_tags": [],
            "target_service_accounts": [],
            "target_tags": [
              "webserver"
            ],
            "timeouts": null
          },
          "sensitive_attributes": [],
          "private": "eyJlMmJmYjczMC1lY2FhLTExZTYtOGY4OC0zNDM2M2JjN2M0YzAiOnsiY3JlYXRlIjoxMjAwMDAwMDAwMDAwLCJkZWxldGUiOjEyMDAwMDAwMDAwMDAsInVwZGF0ZSI6MTIwMDAwMDAwMDAwMH0sInNjaGVtYV92ZXJzaW9uIjoiMSJ9"
        }
      ]
    },
    {
      "mode": "managed",
      "type": "google_compute_firewall",
      "name": "swvl_ssh",
      "provider": "provider[\"registry.terraform.io/hashicorp/google\"]",
      "instances": [
        {
          "schema_version": 1,
          "attributes": {
            "allow": [
              {
                "ports": [
                  "22"
                ],
                "protocol": "tcp"
              }
            ],
            "creation_timestamp": "2022-04-05T14:36:03.910-07:00",
            "deny": [],
            "description": "",
            "destination_ranges": [],
            "direction": "INGRESS",
            "disabled": false,
            "enable_logging": null,
            "id": "projects/triple-voyage-278712/global/firewalls/externalssh2",
            "log_config": [],
            "name": "externalssh2",
            "network": "https://www.googleapis.com/compute/v1/projects/triple-voyage-278712/global/networks/default",
            "priority": 1000,
            "project": "triple-voyage-278712",
            "self_link": "https://www.googleapis.com/compute/v1/projects/triple-voyage-278712/global/firewalls/externalssh2",
            "source_ranges": [
              "0.0.0.0/0"
            ],
            "source_service_accounts": [],
            "source_tags": [],
            "target_service_accounts": [],
            "target_tags": [
              "externalssh"
            ],
            "timeouts": null
          },
          "sensitive_attributes": [],
          "private": "eyJlMmJmYjczMC1lY2FhLTExZTYtOGY4OC0zNDM2M2JjN2M0YzAiOnsiY3JlYXRlIjoxMjAwMDAwMDAwMDAwLCJkZWxldGUiOjEyMDAwMDAwMDAwMDAsInVwZGF0ZSI6MTIwMDAwMDAwMDAwMH0sInNjaGVtYV92ZXJzaW9uIjoiMSJ9"
        }
      ]
    },
    {
      "mode": "managed",
      "type": "google_compute_instance",
      "name": "swvl_bonus",
      "provider": "provider[\"registry.terraform.io/hashicorp/google\"]",
      "instances": [
        {
          "schema_version": 6,
          "attributes": {
            "advanced_machine_features": [],
            "allow_stopping_for_update": null,
            "attached_disk": [],
            "boot_disk": [
              {
                "auto_delete": true,
                "device_name": "persistent-disk-0",
                "disk_encryption_key_raw": "",
                "disk_encryption_key_sha256": "",
                "initialize_params": [
                  {
                    "image": "https://www.googleapis.com/compute/v1/projects/centos-cloud/global/images/centos-7-v20220303",
                    "labels": {},
                    "size": 20,
                    "type": "pd-ssd"
                  }
                ],
                "kms_key_self_link": "",
                "mode": "READ_WRITE",
                "source": "https://www.googleapis.com/compute/v1/projects/triple-voyage-278712/zones/us-west4-a/disks/swvl-bonus"
              }
            ],
            "can_ip_forward": false,
            "confidential_instance_config": [],
            "cpu_platform": "Intel Cascade Lake",
            "current_status": "RUNNING",
            "deletion_protection": false,
            "description": "",
            "desired_status": null,
            "enable_display": false,
            "guest_accelerator": [],
            "hostname": "",
            "id": "projects/triple-voyage-278712/zones/us-west4-a/instances/swvl-bonus",
            "instance_id": "5010325408334284990",
            "label_fingerprint": "42WmSpB8rSM=",
            "labels": {},
            "machine_type": "c2-standard-4",
            "metadata": {
              "ssh-keys": "marwan:ssh-rsa AAAAB3NzaC1yc2EAAAADAQABAAABgQC3gp0+KvVb9cnCPQZroUYyes2b8AOsB20aei69+OAMf4AC2toTJggHNHPOkO9Kk+VnqsfWdD+6gbYsKTs8OjBYccni9Dg2lFDoGgRb6UCm2H5qCkfgsJJRA9ID0CxNiFPpTRuDZ+cNkWz3W7xCkN/cQccFkSp3flydr9Q5CKPS5wq+gI+MEe73IeJC78jD2pf0kt3kWwHDPhMFA59hWzFBLRLBxR4/g9znuCfYfUKGjX9mL244tHmIRJHEpBffQ42nmQEdYoCi3rfdN/4+k6TDirOTx9lAhQGHkb5zUWsfFxu++TK0tQvngY2s6sIAlUgg8PAJ14E5tFSvk55SnE8JEVmoWoPosKjlOmhV3yJ6UzOYFdpeD5uspXge7z84DCq3/s+voukh25/0EijVFf5NYYcw7SVfyLkWjHOSiY/LkVOdryQCapbhyK5AwDpla91NtHKDH7jT8revIlVGvpbwhcioHRpFkUcdAYQK6kR2GvyFPLz5H72TZGHpCaOfFGc= marwanaref@Marwans-MacBook-Pro.local\n"
            },
            "metadata_fingerprint": "9gG70HaK2N8=",
            "metadata_startup_script": null,
            "min_cpu_platform": "",
            "name": "swvl-bonus",
            "network_interface": [
              {
                "access_config": [
                  {
                    "nat_ip": "34.125.201.15",
                    "network_tier": "PREMIUM",
                    "public_ptr_domain_name": ""
                  }
                ],
                "alias_ip_range": [],
                "ipv6_access_config": [],
                "ipv6_access_type": "",
                "name": "nic0",
                "network": "https://www.googleapis.com/compute/v1/projects/triple-voyage-278712/global/networks/default",
                "network_ip": "10.182.0.3",
                "nic_type": "",
                "queue_count": 0,
                "stack_type": "IPV4_ONLY",
                "subnetwork": "https://www.googleapis.com/compute/v1/projects/triple-voyage-278712/regions/us-west4/subnetworks/default",
                "subnetwork_project": "triple-voyage-278712"
              }
            ],
            "project": "triple-voyage-278712",
            "reservation_affinity": [],
            "resource_policies": [],
            "scheduling": [
              {
                "automatic_restart": true,
                "min_node_cpus": 0,
                "node_affinities": [],
                "on_host_maintenance": "MIGRATE",
                "preemptible": false
              }
            ],
            "scratch_disk": [],
            "self_link": "https://www.googleapis.com/compute/v1/projects/triple-voyage-278712/zones/us-west4-a/instances/swvl-bonus",
            "service_account": [],
            "shielded_instance_config": [
              {
                "enable_integrity_monitoring": true,
                "enable_secure_boot": false,
                "enable_vtpm": true
              }
            ],
            "tags": [
              "externalssh",
              "webserver"
            ],
            "tags_fingerprint": "Mh9u1hBHiNA=",
            "timeouts": null,
            "zone": "us-west4-a"
          },
          "sensitive_attributes": [],
          "private": "eyJlMmJmYjczMC1lY2FhLTExZTYtOGY4OC0zNDM2M2JjN2M0YzAiOnsiY3JlYXRlIjoxMjAwMDAwMDAwMDAwLCJkZWxldGUiOjEyMDAwMDAwMDAwMDAsInVwZGF0ZSI6MTIwMDAwMDAwMDAwMH0sInNjaGVtYV92ZXJzaW9uIjoiNiJ9",
          "dependencies": [
            "google_compute_address.static_swvl"
          ]
        }
      ]
    }
  ]
}
